{
    "_meta": {
        "hash": {
            "sha256": "3d724bd1099b69812463c71bd0825b2180b4685d8d26a52d0821a9d11fd5bf88"
        },
        "pipfile-spec": 6,
        "requires": {
            "python_version": "3.9"
        },
        "sources": [
            {
                "name": "pypi",
                "url": "https://pypi.python.org/simple",
                "verify_ssl": true
            }
        ]
    },
    "default": {
        "xlsxwriter": {
            "hashes": [
                "sha256:331508ff39d610ecdaf979e458840bc1eab6e6a02cfd5d08f044f0f73636236f",
                "sha256:78751099a770273f1c98b8d6643351f68f98ae8e6acf9d09d37dc6798f8cd3de"
            ],
            "index": "pypi",
            "version": "==3.1.2"
        }
    },
    "develop": {}
}
